
Microsoft Visual Studio Solution File, Format Version 12.00
# Visual Studio Version 16
VisualStudioVersion = 16.0.31205.134
MinimumVisualStudioVersion = 10.0.40219.1
Project("{FAE04EC0-301F-11D3-BF4B-00C04F79EFBC}") = "YoutubeArchiveCDXProcessor", "YoutubeArchiveCDXProcessor\YoutubeArchiveCDXProcessor.csproj", "{D04511DB-7A57-476C-AB3E-6A96173BD3F7}"
EndProject
Global
	GlobalSection(SolutionConfigurationPlatforms) = preSolution
		Debug|Any CPU = Debug|Any CPU
		Release|Any CPU = Release|Any CPU
	EndGlobalSection
	GlobalSection(ProjectConfigurationPlatforms) = postSolution
		{D04511DB-7A57-476C-AB3E-6A96173BD3F7}.Debug|Any CPU.ActiveCfg = Debug|Any CPU
		{D04511DB-7A57-476C-AB3E-6A96173BD3F7}.Debug|Any CPU.Build.0 = Debug|Any CPU
		{D04511DB-7A57-476C-AB3E-6A96173BD3F7}.Release|Any CPU.ActiveCfg = Release|Any CPU
		{D04511DB-7A57-476C-AB3E-6A96173BD3F7}.Release|Any CPU.Build.0 = Release|Any CPU
	EndGlobalSection
	GlobalSection(SolutionProperties) = preSolution
		HideSolutionNode = FALSE
	EndGlobalSection
	GlobalSection(ExtensibilityGlobals) = postSolution
		SolutionGuid = {D91D629A-94B8-4183-B519-D003C572618E}
	EndGlobalSection
EndGlobal
